PODS:
  - ESSAbout/Core (2.5.0)
  - SwiftGen (6.0.2)

DEPENDENCIES:
  - ESSAbout/Core
  - SwiftGen

SPEC REPOS:
  "gitolite@www.forge.orange-labs.fr:orangecocoapods/public.git":
    - ESSAbout
  https://github.com/CocoaPods/Specs.git:
    - SwiftGen

SPEC CHECKSUMS:
  ESSAbout: 20c64d6df4fdd255a1ea0b3cf9ea6283374a27a1
  SwiftGen: e5b047067aa84082826a0c4f1c4c2ddc95bcf74c

PODFILE CHECKSUM: 7e0294fc1397a3609f47b8e3292bc4b5a1910e69

COCOAPODS: 1.8.3
